
Microsoft Visual Studio Solution File, Format Version 12.00
# Visual Studio Version 16
VisualStudioVersion = 16.0.33328.57
MinimumVisualStudioVersion = 10.0.40219.1
Project("{8BC9CEB8-8B4A-11D0-8D11-00A0C91BC942}") = "web", "web\web.vcxproj", "{990B8C70-8173-4B41-992B-492E82A3D215}"
EndProject
Global
	GlobalSection(SolutionConfigurationPlatforms) = preSolution
		Debug|x64 = Debug|x64
		Debug|x86 = Debug|x86
		Release|x64 = Release|x64
		Release|x86 = Release|x86
	EndGlobalSection
	GlobalSection(ProjectConfigurationPlatforms) = postSolution
		{990B8C70-8173-4B41-992B-492E82A3D215}.Debug|x64.ActiveCfg = Debug|x64
		{990B8C70-8173-4B41-992B-492E82A3D215}.Debug|x64.Build.0 = Debug|x64
		{990B8C70-8173-4B41-992B-492E82A3D215}.Debug|x86.ActiveCfg = Debug|Win32
		{990B8C70-8173-4B41-992B-492E82A3D215}.Debug|x86.Build.0 = Debug|Win32
		{990B8C70-8173-4B41-992B-492E82A3D215}.Release|x64.ActiveCfg = Release|x64
		{990B8C70-8173-4B41-992B-492E82A3D215}.Release|x64.Build.0 = Release|x64
		{990B8C70-8173-4B41-992B-492E82A3D215}.Release|x86.ActiveCfg = Release|Win32
		{990B8C70-8173-4B41-992B-492E82A3D215}.Release|x86.Build.0 = Release|Win32
	EndGlobalSection
	GlobalSection(SolutionProperties) = preSolution
		HideSolutionNode = FALSE
	EndGlobalSection
	GlobalSection(ExtensibilityGlobals) = postSolution
		SolutionGuid = {D742D9B9-5DFB-4351-A263-C7B254C2C04E}
	EndGlobalSection
EndGlobal
